// !$*UTF8*$!
{
	archiveVersion = 1;
	classes = {
	};
	objectVersion = 48;
	objects = {

/* Begin PBXBuildFile section */
		2CB65CD22002E4E400BA5338 /* AppDelegate.swift in Sources */ = {isa = PBXBuildFile; fileRef = 2CB65CD12002E4E400BA5338 /* AppDelegate.swift */; };
		2CB65CD42002E4E400BA5338 /* ViewController.swift in Sources */ = {isa = PBXBuildFile; fileRef = 2CB65CD32002E4E400BA5338 /* ViewController.swift */; };
		2CB65CD72002E4E400BA5338 /* Main.storyboard in Resources */ = {isa = PBXBuildFile; fileRef = 2CB65CD52002E4E400BA5338 /* Main.storyboard */; };
		2CB65CD92002E4E400BA5338 /* Assets.xcassets in Resources */ = {isa = PBXBuildFile; fileRef = 2CB65CD82002E4E400BA5338 /* Assets.xcassets */; };
		2CB65CDC2002E4E400BA5338 /* LaunchScreen.storyboard in Resources */ = {isa = PBXBuildFile; fileRef = 2CB65CDA2002E4E400BA5338 /* LaunchScreen.storyboard */; };
		2CB65CE72002E4E500BA5338 /* Tap_New_iOSTests.swift in Sources */ = {isa = PBXBuildFile; fileRef = 2CB65CE62002E4E500BA5338 /* Tap_New_iOSTests.swift */; };
		2CB65CF22002E4E500BA5338 /* Tap_New_iOSUITests.swift in Sources */ = {isa = PBXBuildFile; fileRef = 2CB65CF12002E4E500BA5338 /* Tap_New_iOSUITests.swift */; };
/* End PBXBuildFile section */

/* Begin PBXContainerItemProxy section */
		2CB65CE32002E4E500BA5338 /* PBXContainerItemProxy */ = {
			isa = PBXContainerItemProxy;
			containerPortal = 2CB65CC62002E4E400BA5338 /* Project object */;
			proxyType = 1;
			remoteGlobalIDString = 2CB65CCD2002E4E400BA5338;
			remoteInfo = Tap_New_iOS;
		};
		2CB65CEE2002E4E500BA5338 /* PBXContainerItemProxy */ = {
			isa = PBXContainerItemProxy;
			containerPortal = 2CB65CC62002E4E400BA5338 /* Project object */;
			proxyType = 1;
			remoteGlobalIDString = 2CB65CCD2002E4E400BA5338;
			remoteInfo = Tap_New_iOS;
		};
/* End PBXContainerItemProxy section */

/* Begin PBXFileReference section */
		2CB65CCE2002E4E400BA5338 /* Tap_New_iOS.app */ = {isa = PBXFileReference; explicitFileType = wrapper.application; includeInIndex = 0; path = Tap_New_iOS.app; sourceTree = BUILT_PRODUCTS_DIR; };
		2CB65CD12002E4E400BA5338 /* AppDelegate.swift */ = {isa = PBXFileReference; lastKnownFileType = sourcecode.swift; path = AppDelegate.swift; sourceTree = "<group>"; };
		2CB65CD32002E4E400BA5338 /* ViewController.swift */ = {isa = PBXFileReference; lastKnownFileType = sourcecode.swift; path = ViewController.swift; sourceTree = "<group>"; };
		2CB65CD62002E4E400BA5338 /* Base */ = {isa = PBXFileReference; lastKnownFileType = file.storyboard; name = Base; path = Base.lproj/Main.storyboard; sourceTree = "<group>"; };
		2CB65CD82002E4E400BA5338 /* Assets.xcassets */ = {isa = PBXFileReference; lastKnownFileType = folder.assetcatalog; path = Assets.xcassets; sourceTree = "<group>"; };
		2CB65CDB2002E4E400BA5338 /* Base */ = {isa = PBXFileReference; lastKnownFileType = file.storyboard; name = Base; path = Base.lproj/LaunchScreen.storyboard; sourceTree = "<group>"; };
		2CB65CDD2002E4E400BA5338 /* Info.plist */ = {isa = PBXFileReference; lastKnownFileType = text.plist.xml; path = Info.plist; sourceTree = "<group>"; };
		2CB65CE22002E4E500BA5338 /* Tap_New_iOSTests.xctest */ = {isa = PBXFileReference; explicitFileType = wrapper.cfbundle; includeInIndex = 0; path = Tap_New_iOSTests.xctest; sourceTree = BUILT_PRODUCTS_DIR; };
		2CB65CE62002E4E500BA5338 /* Tap_New_iOSTests.swift */ = {isa = PBXFileReference; lastKnownFileType = sourcecode.swift; path = Tap_New_iOSTests.swift; sourceTree = "<group>"; };
		2CB65CE82002E4E500BA5338 /* Info.plist */ = {isa = PBXFileReference; lastKnownFileType = text.plist.xml; path = Info.plist; sourceTree = "<group>"; };
		2CB65CED2002E4E500BA5338 /* Tap_New_iOSUITests.xctest */ = {isa = PBXFileReference; explicitFileType = wrapper.cfbundle; includeInIndex = 0; path = Tap_New_iOSUITests.xctest; sourceTree = BUILT_PRODUCTS_DIR; };
		2CB65CF12002E4E500BA5338 /* Tap_New_iOSUITests.swift */ = {isa = PBXFileReference; lastKnownFileType = sourcecode.swift; path = Tap_New_iOSUITests.swift; sourceTree = "<group>"; };
		2CB65CF32002E4E500BA5338 /* Info.plist */ = {isa = PBXFileReference; lastKnownFileType = text.plist.xml; path = Info.plist; sourceTree = "<group>"; };
/* End PBXFileReference section */

/* Begin PBXFrameworksBuildPhase section */
		2CB65CCB2002E4E400BA5338 /* Frameworks */ = {
			isa = PBXFrameworksBuildPhase;
			buildActionMask = 2147483647;
			files = (
			);
			runOnlyForDeploymentPostprocessing = 0;
		};
		2CB65CDF2002E4E500BA5338 /* Frameworks */ = {
			isa = PBXFrameworksBuildPhase;
			buildActionMask = 2147483647;
			files = (
			);
			runOnlyForDeploymentPostprocessing = 0;
		};
		2CB65CEA2002E4E500BA5338 /* Frameworks */ = {
			isa = PBXFrameworksBuildPhase;
			buildActionMask = 2147483647;
			files = (
			);
			runOnlyForDeploymentPostprocessing = 0;
		};
/* End PBXFrameworksBuildPhase section */

/* Begin PBXGroup section */
		2CB65CC52002E4E400BA5338 = {
			isa = PBXGroup;
			children = (
				2CB65CD02002E4E400BA5338 /* Tap_New_iOS */,
				2CB65CE52002E4E500BA5338 /* Tap_New_iOSTests */,
				2CB65CF02002E4E500BA5338 /* Tap_New_iOSUITests */,
				2CB65CCF2002E4E400BA5338 /* Products */,
			);
			sourceTree = "<group>";
		};
		2CB65CCF2002E4E400BA5338 /* Products */ = {
			isa = PBXGroup;
			children = (
				2CB65CCE2002E4E400BA5338 /* Tap_New_iOS.app */,
				2CB65CE22002E4E500BA5338 /* Tap_New_iOSTests.xctest */,
				2CB65CED2002E4E500BA5338 /* Tap_New_iOSUITests.xctest */,
			);
			name = Products;
			sourceTree = "<group>";
		};
		2CB65CD02002E4E400BA5338 /* Tap_New_iOS */ = {
			isa = PBXGroup;
			children = (
				2CB65CD12002E4E400BA5338 /* AppDelegate.swift */,
				2CB65CD32002E4E400BA5338 /* ViewController.swift */,
				2CB65CD52002E4E400BA5338 /* Main.storyboard */,
				2CB65CD82002E4E400BA5338 /* Assets.xcassets */,
				2CB65CDA2002E4E400BA5338 /* LaunchScreen.storyboard */,
				2CB65CDD2002E4E400BA5338 /* Info.plist */,
			);
			path = Tap_New_iOS;
			sourceTree = "<group>";
		};
		2CB65CE52002E4E500BA5338 /* Tap_New_iOSTests */ = {
			isa = PBXGroup;
			children = (
				2CB65CE62002E4E500BA5338 /* Tap_New_iOSTests.swift */,
				2CB65CE82002E4E500BA5338 /* Info.plist */,
			);
			path = Tap_New_iOSTests;
			sourceTree = "<group>";
		};
		2CB65CF02002E4E500BA5338 /* Tap_New_iOSUITests */ = {
			isa = PBXGroup;
			children = (
				2CB65CF12002E4E500BA5338 /* Tap_New_iOSUITests.swift */,
				2CB65CF32002E4E500BA5338 /* Info.plist */,
			);
			path = Tap_New_iOSUITests;
			sourceTree = "<group>";
		};
/* End PBXGroup section */

/* Begin PBXNativeTarget section */
		2CB65CCD2002E4E400BA5338 /* Tap_New_iOS */ = {
			isa = PBXNativeTarget;
			buildConfigurationList = 2CB65CF62002E4E500BA5338 /* Build configuration list for PBXNativeTarget "Tap_New_iOS" */;
			buildPhases = (
				2CB65CCA2002E4E400BA5338 /* Sources */,
				2CB65CCB2002E4E400BA5338 /* Frameworks */,
				2CB65CCC2002E4E400BA5338 /* Resources */,
			);
			buildRules = (
			);
			dependencies = (
			);
			name = Tap_New_iOS;
			productName = Tap_New_iOS;
			productReference = 2CB65CCE2002E4E400BA5338 /* Tap_New_iOS.app */;
			productType = "com.apple.product-type.application";
		};
		2CB65CE12002E4E500BA5338 /* Tap_New_iOSTests */ = {
			isa = PBXNativeTarget;
			buildConfigurationList = 2CB65CF92002E4E500BA5338 /* Build configuration list for PBXNativeTarget "Tap_New_iOSTests" */;
			buildPhases = (
				2CB65CDE2002E4E500BA5338 /* Sources */,
				2CB65CDF2002E4E500BA5338 /* Frameworks */,
				2CB65CE02002E4E500BA5338 /* Resources */,
			);
			buildRules = (
			);
			dependencies = (
				2CB65CE42002E4E500BA5338 /* PBXTargetDependency */,
			);
			name = Tap_New_iOSTests;
			productName = Tap_New_iOSTests;
			productReference = 2CB65CE22002E4E500BA5338 /* Tap_New_iOSTests.xctest */;
			productType = "com.apple.product-type.bundle.unit-test";
		};
		2CB65CEC2002E4E500BA5338 /* Tap_New_iOSUITests */ = {
			isa = PBXNativeTarget;
			buildConfigurationList = 2CB65CFC2002E4E500BA5338 /* Build configuration list for PBXNativeTarget "Tap_New_iOSUITests" */;
			buildPhases = (
				2CB65CE92002E4E500BA5338 /* Sources */,
				2CB65CEA2002E4E500BA5338 /* Frameworks */,
				2CB65CEB2002E4E500BA5338 /* Resources */,
			);
			buildRules = (
			);
			dependencies = (
				2CB65CEF2002E4E500BA5338 /* PBXTargetDependency */,
			);
			name = Tap_New_iOSUITests;
			productName = Tap_New_iOSUITests;
			productReference = 2CB65CED2002E4E500BA5338 /* Tap_New_iOSUITests.xctest */;
			productType = "com.apple.product-type.bundle.ui-testing";
		};
/* End PBXNativeTarget section */

/* Begin PBXProject section */
		2CB65CC62002E4E400BA5338 /* Project object */ = {
			isa = PBXProject;
			attributes = {
				LastSwiftUpdateCheck = 0920;
				LastUpgradeCheck = 0920;
				ORGANIZATIONNAME = "Yichi Zhang";
				TargetAttributes = {
					2CB65CCD2002E4E400BA5338 = {
						CreatedOnToolsVersion = 9.2;
						ProvisioningStyle = Automatic;
					};
					2CB65CE12002E4E500BA5338 = {
						CreatedOnToolsVersion = 9.2;
						ProvisioningStyle = Automatic;
						TestTargetID = 2CB65CCD2002E4E400BA5338;
					};
					2CB65CEC2002E4E500BA5338 = {
						CreatedOnToolsVersion = 9.2;
						ProvisioningStyle = Automatic;
						TestTargetID = 2CB65CCD2002E4E400BA5338;
					};
				};
			};
			buildConfigurationList = 2CB65CC92002E4E400BA5338 /* Build configuration list for PBXProject "Tap_New_iOS" */;
			compatibilityVersion = "Xcode 8.0";
			developmentRegion = en;
			hasScannedForEncodings = 0;
			knownRegions = (
				en,
				Base,
			);
			mainGroup = 2CB65CC52002E4E400BA5338;
			productRefGroup = 2CB65CCF2002E4E400BA5338 /* Products */;
			projectDirPath = "";
			projectRoot = "";
			targets = (
				2CB65CCD2002E4E400BA5338 /* Tap_New_iOS */,
				2CB65CE12002E4E500BA5338 /* Tap_New_iOSTests */,
				2CB65CEC2002E4E500BA5338 /* Tap_New_iOSUITests */,
			);
		};
/* End PBXProject section */

/* Begin PBXResourcesBuildPhase section */
		2CB65CCC2002E4E400BA5338 /* Resources */ = {
			isa = PBXResourcesBuildPhase;
			buildActionMask = 2147483647;
			files = (
				2CB65CDC2002E4E400BA5338 /* LaunchScreen.storyboard in Resources */,
				2CB65CD92002E4E400BA5338 /* Assets.xcassets in Resources */,
				2CB65CD72002E4E400BA5338 /* Main.storyboard in Resources */,
			);
			runOnlyForDeploymentPostprocessing = 0;
		};
		2CB65CE02002E4E500BA5338 /* Resources */ = {
			isa = PBXResourcesBuildPhase;
			buildActionMask = 2147483647;
			files = (
			);
			runOnlyForDeploymentPostprocessing = 0;
		};
		2CB65CEB2002E4E500BA5338 /* Resources */ = {
			isa = PBXResourcesBuildPhase;
			buildActionMask = 2147483647;
			files = (
			);
			runOnlyForDeploymentPostprocessing = 0;
		};
/* End PBXResourcesBuildPhase section */

/* Begin PBXSourcesBuildPhase section */
		2CB65CCA2002E4E400BA5338 /* Sources */ = {
			isa = PBXSourcesBuildPhase;
			buildActionMask = 2147483647;
			files = (
				2CB65CD42002E4E400BA5338 /* ViewController.swift in Sources */,
				2CB65CD22002E4E400BA5338 /* AppDelegate.swift in Sources */,
			);
			runOnlyForDeploymentPostprocessing = 0;
		};
		2CB65CDE2002E4E500BA5338 /* Sources */ = {
			isa = PBXSourcesBuildPhase;
			buildActionMask = 2147483647;
			files = (
				2CB65CE72002E4E500BA5338 /* Tap_New_iOSTests.swift in Sources */,
			);
			runOnlyForDeploymentPostprocessing = 0;
		};
		2CB65CE92002E4E500BA5338 /* Sources */ = {
			isa = PBXSourcesBuildPhase;
			buildActionMask = 2147483647;
			files = (
				2CB65CF22002E4E500BA5338 /* Tap_New_iOSUITests.swift in Sources */,
			);
			runOnlyForDeploymentPostprocessing = 0;
		};
/* End PBXSourcesBuildPhase section */

/* Begin PBXTargetDependency section */
		2CB65CE42002E4E500BA5338 /* PBXTargetDependency */ = {
			isa = PBXTargetDependency;
			target = 2CB65CCD2002E4E400BA5338 /* Tap_New_iOS */;
			targetProxy = 2CB65CE32002E4E500BA5338 /* PBXContainerItemProxy */;
		};
		2CB65CEF2002E4E500BA5338 /* PBXTargetDependency */ = {
			isa = PBXTargetDependency;
			target = 2CB65CCD2002E4E400BA5338 /* Tap_New_iOS */;
			targetProxy = 2CB65CEE2002E4E500BA5338 /* PBXContainerItemProxy */;
		};
/* End PBXTargetDependency section */

/* Begin PBXVariantGroup section */
		2CB65CD52002E4E400BA5338 /* Main.storyboard */ = {
			isa = PBXVariantGroup;
			children = (
				2CB65CD62002E4E400BA5338 /* Base */,
			);
			name = Main.storyboard;
			sourceTree = "<group>";
		};
		2CB65CDA2002E4E400BA5338 /* LaunchScreen.storyboard */ = {
			isa = PBXVariantGroup;
			children = (
				2CB65CDB2002E4E400BA5338 /* Base */,
			);
			name = LaunchScreen.storyboard;
			sourceTree = "<group>";
		};
/* End PBXVariantGroup section */

/* Begin XCBuildConfiguration section */
		2CB65CF42002E4E500BA5338 /* Debug */ = {
			isa = XCBuildConfiguration;
			buildSettings = {
				ALWAYS_SEARCH_USER_PATHS = NO;
				CLANG_ANALYZER_NONNULL = YES;
				CLANG_ANALYZER_NUMBER_OBJECT_CONVERSION = YES_AGGRESSIVE;
				CLANG_CXX_LANGUAGE_STANDARD = "gnu++14";
				CLANG_CXX_LIBRARY = "libc++";
				CLANG_ENABLE_MODULES = YES;
				CLANG_ENABLE_OBJC_ARC = YES;
				CLANG_WARN_BLOCK_CAPTURE_AUTORELEASING = YES;
				CLANG_WARN_BOOL_CONVERSION = YES;
				CLANG_WARN_COMMA = YES;
				CLANG_WARN_CONSTANT_CONVERSION = YES;
				CLANG_WARN_DIRECT_OBJC_ISA_USAGE = YES_ERROR;
				CLANG_WARN_DOCUMENTATION_COMMENTS = YES;
				CLANG_WARN_EMPTY_BODY = YES;
				CLANG_WARN_ENUM_CONVERSION = YES;
				CLANG_WARN_INFINITE_RECURSION = YES;
				CLANG_WARN_INT_CONVERSION = YES;
				CLANG_WARN_NON_LITERAL_NULL_CONVERSION = YES;
				CLANG_WARN_OBJC_LITERAL_CONVERSION = YES;
				CLANG_WARN_OBJC_ROOT_CLASS = YES_ERROR;
				CLANG_WARN_RANGE_LOOP_ANALYSIS = YES;
				CLANG_WARN_STRICT_PROTOTYPES = YES;
				CLANG_WARN_SUSPICIOUS_MOVE = YES;
				CLANG_WARN_UNGUARDED_AVAILABILITY = YES_AGGRESSIVE;
				CLANG_WARN_UNREACHABLE_CODE = YES;
				CLANG_WARN__DUPLICATE_METHOD_MATCH = YES;
				CODE_SIGN_IDENTITY = "iPhone Developer";
				COPY_PHASE_STRIP = NO;
				DEBUG_INFORMATION_FORMAT = dwarf;
				ENABLE_STRICT_OBJC_MSGSEND = YES;
				ENABLE_TESTABILITY = YES;
				GCC_C_LANGUAGE_STANDARD = gnu11;
				GCC_DYNAMIC_NO_PIC = NO;
				GCC_NO_COMMON_BLOCKS = YES;
				GCC_OPTIMIZATION_LEVEL = 0;
				GCC_PREPROCESSOR_DEFINITIONS = (
					"DEBUG=1",
					"$(inherited)",
				);
				GCC_WARN_64_TO_32_BIT_CONVERSION = YES;
				GCC_WARN_ABOUT_RETURN_TYPE = YES_ERROR;
				GCC_WARN_UNDECLARED_SELECTOR = YES;
				GCC_WARN_UNINITIALIZED_AUTOS = YES_AGGRESSIVE;
				GCC_WARN_UNUSED_FUNCTION = YES;
				GCC_WARN_UNUSED_VARIABLE = YES;
				IPHONEOS_DEPLOYMENT_TARGET = 11.2;
				MTL_ENABLE_DEBUG_INFO = YES;
				ONLY_ACTIVE_ARCH = YES;
				SDKROOT = iphoneos;
				SWIFT_ACTIVE_COMPILATION_CONDITIONS = DEBUG;
				SWIFT_OPTIMIZATION_LEVEL = "-Onone";
			};
			name = Debug;
		};
		2CB65CF52002E4E500BA5338 /* Release */ = {
			isa = XCBuildConfiguration;
			buildSettings = {
				ALWAYS_SEARCH_USER_PATHS = NO;
				CLANG_ANALYZER_NONNULL = YES;
				CLANG_ANALYZER_NUMBER_OBJECT_CONVERSION = YES_AGGRESSIVE;
				CLANG_CXX_LANGUAGE_STANDARD = "gnu++14";
				CLANG_CXX_LIBRARY = "libc++";
				CLANG_ENABLE_MODULES = YES;
				CLANG_ENABLE_OBJC_ARC = YES;
				CLANG_WARN_BLOCK_CAPTURE_AUTORELEASING = YES;
				CLANG_WARN_BOOL_CONVERSION = YES;
				CLANG_WARN_COMMA = YES;
				CLANG_WARN_CONSTANT_CONVERSION = YES;
				CLANG_WARN_DIRECT_OBJC_ISA_USAGE = YES_ERROR;
				CLANG_WARN_DOCUMENTATION_COMMENTS = YES;
				CLANG_WARN_EMPTY_BODY = YES;
				CLANG_WARN_ENUM_CONVERSION = YES;
				CLANG_WARN_INFINITE_RECURSION = YES;
				CLANG_WARN_INT_CONVERSION = YES;
				CLANG_WARN_NON_LITERAL_NULL_CONVERSION = YES;
				CLANG_WARN_OBJC_LITERAL_CONVERSION = YES;
				CLANG_WARN_OBJC_ROOT_CLASS = YES_ERROR;
				CLANG_WARN_RANGE_LOOP_ANALYSIS = YES;
				CLANG_WARN_STRICT_PROTOTYPES = YES;
				CLANG_WARN_SUSPICIOUS_MOVE = YES;
				CLANG_WARN_UNGUARDED_AVAILABILITY = YES_AGGRESSIVE;
				CLANG_WARN_UNREACHABLE_CODE = YES;
				CLANG_WARN__DUPLICATE_METHOD_MATCH = YES;
				CODE_SIGN_IDENTITY = "iPhone Developer";
				COPY_PHASE_STRIP = NO;
				DEBUG_INFORMATION_FORMAT = "dwarf-with-dsym";
				ENABLE_NS_ASSERTIONS = NO;
				ENABLE_STRICT_OBJC_MSGSEND = YES;
				GCC_C_LANGUAGE_STANDARD = gnu11;
				GCC_NO_COMMON_BLOCKS = YES;
				GCC_WARN_64_TO_32_BIT_CONVERSION = YES;
				GCC_WARN_ABOUT_RETURN_TYPE = YES_ERROR;
				GCC_WARN_UNDECLARED_SELECTOR = YES;
				GCC_WARN_UNINITIALIZED_AUTOS = YES_AGGRESSIVE;
				GCC_WARN_UNUSED_FUNCTION = YES;
				GCC_WARN_UNUSED_VARIABLE = YES;
				IPHONEOS_DEPLOYMENT_TARGET = 11.2;
				MTL_ENABLE_DEBUG_INFO = NO;
				SDKROOT = iphoneos;
				SWIFT_OPTIMIZATION_LEVEL = "-Owholemodule";
				VALIDATE_PRODUCT = YES;
			};
			name = Release;
		};
		2CB65CF72002E4E500BA5338 /* Debug */ = {
			isa = XCBuildConfiguration;
			buildSettings = {
				ASSETCATALOG_COMPILER_APPICON_NAME = AppIcon;
				CODE_SIGN_STYLE = Automatic;
				INFOPLIST_FILE = Tap_New_iOS/Info.plist;
				LD_RUNPATH_SEARCH_PATHS = "$(inherited) @executable_path/Frameworks";
				PRODUCT_BUNDLE_IDENTIFIER = "us.yichizhang.Tap-New-iOS";
				PRODUCT_NAME = "$(TARGET_NAME)";
				SWIFT_VERSION = 4.0;
				TARGETED_DEVICE_FAMILY = "1,2";
			};
			name = Debug;
		};
		2CB65CF82002E4E500BA5338 /* Release */ = {
			isa = XCBuildConfiguration;
			buildSettings = {
				ASSETCATALOG_COMPILER_APPICON_NAME = AppIcon;
				CODE_SIGN_STYLE = Automatic;
				INFOPLIST_FILE = Tap_New_iOS/Info.plist;
				LD_RUNPATH_SEARCH_PATHS = "$(inherited) @executable_path/Frameworks";
				PRODUCT_BUNDLE_IDENTIFIER = "us.yichizhang.Tap-New-iOS";
				PRODUCT_NAME = "$(TARGET_NAME)";
				SWIFT_VERSION = 4.0;
				TARGETED_DEVICE_FAMILY = "1,2";
			};
			name = Release;
		};
		2CB65CFA2002E4E500BA5338 /* Debug */ = {
			isa = XCBuildConfiguration;
			buildSettings = {
				ALWAYS_EMBED_SWIFT_STANDARD_LIBRARIES = YES;
				BUNDLE_LOADER = "$(TEST_HOST)";
				CODE_SIGN_STYLE = Automatic;
				INFOPLIST_FILE = Tap_New_iOSTests/Info.plist;
				LD_RUNPATH_SEARCH_PATHS = "$(inherited) @executable_path/Frameworks @loader_path/Frameworks";
				PRODUCT_BUNDLE_IDENTIFIER = "us.yichizhang.Tap-New-iOSTests";
				PRODUCT_NAME = "$(TARGET_NAME)";
				SWIFT_VERSION = 4.0;
				TARGETED_DEVICE_FAMILY = "1,2";
				TEST_HOST = "$(BUILT_PRODUCTS_DIR)/Tap_New_iOS.app/Tap_New_iOS";
			};
			name = Debug;
		};
		2CB65CFB2002E4E500BA5338 /* Release */ = {
			isa = XCBuildConfiguration;
			buildSettings = {
				ALWAYS_EMBED_SWIFT_STANDARD_LIBRARIES = YES;
				BUNDLE_LOADER = "$(TEST_HOST)";
				CODE_SIGN_STYLE = Automatic;
				INFOPLIST_FILE = Tap_New_iOSTests/Info.plist;
				LD_RUNPATH_SEARCH_PATHS = "$(inherited) @executable_path/Frameworks @loader_path/Frameworks";
				PRODUCT_BUNDLE_IDENTIFIER = "us.yichizhang.Tap-New-iOSTests";
				PRODUCT_NAME = "$(TARGET_NAME)";
				SWIFT_VERSION = 4.0;
				TARGETED_DEVICE_FAMILY = "1,2";
				TEST_HOST = "$(BUILT_PRODUCTS_DIR)/Tap_New_iOS.app/Tap_New_iOS";
			};
			name = Release;
		};
		2CB65CFD2002E4E500BA5338 /* Debug */ = {
			isa = XCBuildConfiguration;
			buildSettings = {
				ALWAYS_EMBED_SWIFT_STANDARD_LIBRARIES = YES;
				CODE_SIGN_STYLE = Automatic;
				INFOPLIST_FILE = Tap_New_iOSUITests/Info.plist;
				LD_RUNPATH_SEARCH_PATHS = "$(inherited) @executable_path/Frameworks @loader_path/Frameworks";
				PRODUCT_BUNDLE_IDENTIFIER = "us.yichizhang.Tap-New-iOSUITests";
				PRODUCT_NAME = "$(TARGET_NAME)";
				SWIFT_VERSION = 4.0;
				TARGETED_DEVICE_FAMILY = "1,2";
				TEST_TARGET_NAME = Tap_New_iOS;
			};
			name = Debug;
		};
		2CB65CFE2002E4E500BA5338 /* Release */ = {
			isa = XCBuildConfiguration;
			buildSettings = {
				ALWAYS_EMBED_SWIFT_STANDARD_LIBRARIES = YES;
				CODE_SIGN_STYLE = Automatic;
				INFOPLIST_FILE = Tap_New_iOSUITests/Info.plist;
				LD_RUNPATH_SEARCH_PATHS = "$(inherited) @executable_path/Frameworks @loader_path/Frameworks";
				PRODUCT_BUNDLE_IDENTIFIER = "us.yichizhang.Tap-New-iOSUITests";
				PRODUCT_NAME = "$(TARGET_NAME)";
				SWIFT_VERSION = 4.0;
				TARGETED_DEVICE_FAMILY = "1,2";
				TEST_TARGET_NAME = Tap_New_iOS;
			};
			name = Release;
		};
/* End XCBuildConfiguration section */

/* Begin XCConfigurationList section */
		2CB65CC92002E4E400BA5338 /* Build configuration list for PBXProject "Tap_New_iOS" */ = {
			isa = XCConfigurationList;
			buildConfigurations = (
				2CB65CF42002E4E500BA5338 /* Debug */,
				2CB65CF52002E4E500BA5338 /* Release */,
			);
			defaultConfigurationIsVisible = 0;
			defaultConfigurationName = Release;
		};
		2CB65CF62002E4E500BA5338 /* Build configuration list for PBXNativeTarget "Tap_New_iOS" */ = {
			isa = XCConfigurationList;
			buildConfigurations = (
				2CB65CF72002E4E500BA5338 /* Debug */,
				2CB65CF82002E4E500BA5338 /* Release */,
			);
			defaultConfigurationIsVisible = 0;
			defaultConfigurationName = Release;
		};
		2CB65CF92002E4E500BA5338 /* Build configuration list for PBXNativeTarget "Tap_New_iOSTests" */ = {
			isa = XCConfigurationList;
			buildConfigurations = (
				2CB65CFA2002E4E500BA5338 /* Debug */,
				2CB65CFB2002E4E500BA5338 /* Release */,
			);
			defaultConfigurationIsVisible = 0;
			defaultConfigurationName = Release;
		};
		2CB65CFC2002E4E500BA5338 /* Build configuration list for PBXNativeTarget "Tap_New_iOSUITests" */ = {
			isa = XCConfigurationList;
			buildConfigurations = (
				2CB65CFD2002E4E500BA5338 /* Debug */,
				2CB65CFE2002E4E500BA5338 /* Release */,
			);
			defaultConfigurationIsVisible = 0;
			defaultConfigurationName = Release;
		};
/* End XCConfigurationList section */
	};
	rootObject = 2CB65CC62002E4E400BA5338 /* Project object */;
}
